
Microsoft Visual Studio Solution File, Format Version 12.00
# Visual Studio Version 16
VisualStudioVersion = 16.0.29326.143
MinimumVisualStudioVersion = 10.0.40219.1
Project("{9A19103F-16F7-4668-BE54-9A1E7A4F7556}") = "MvcReportViewer.NetCore", "MvcReportViewer.NetCore.csproj", "{4C2CDB0D-EF8D-4C4B-9D99-AD0FE6422C5F}"
EndProject
Global
	GlobalSection(SolutionConfigurationPlatforms) = preSolution
		Debug|Any CPU = Debug|Any CPU
		Release|Any CPU = Release|Any CPU
	EndGlobalSection
	GlobalSection(ProjectConfigurationPlatforms) = postSolution
		{4C2CDB0D-EF8D-4C4B-9D99-AD0FE6422C5F}.Debug|Any CPU.ActiveCfg = Debug|Any CPU
		{4C2CDB0D-EF8D-4C4B-9D99-AD0FE6422C5F}.Debug|Any CPU.Build.0 = Debug|Any CPU
		{4C2CDB0D-EF8D-4C4B-9D99-AD0FE6422C5F}.Release|Any CPU.ActiveCfg = Release|Any CPU
		{4C2CDB0D-EF8D-4C4B-9D99-AD0FE6422C5F}.Release|Any CPU.Build.0 = Release|Any CPU
	EndGlobalSection
	GlobalSection(SolutionProperties) = preSolution
		HideSolutionNode = FALSE
	EndGlobalSection
	GlobalSection(ExtensibilityGlobals) = postSolution
		SolutionGuid = {6A358415-F59E-4E50-B5B6-21C96B364005}
	EndGlobalSection
EndGlobal
